
Microsoft Visual Studio Solution File, Format Version 12.00
# Visual Studio Version 17
VisualStudioVersion = 17.0.31903.59
MinimumVisualStudioVersion = 10.0.40219.1
Project("{FAE04EC0-301F-11D3-BF4B-00C04F79EFBC}") = "HelloWorld", "00-HelloWorld\HelloWorld.csproj", "{C89E416E-4488-4002-9092-71213C13EA15}"
EndProject
Project("{FAE04EC0-301F-11D3-BF4B-00C04F79EFBC}") = "Variables", "01-Variables\Variables.csproj", "{D9B20D2C-967E-4C33-84C2-470ED1DCC058}"
EndProject
Project("{FAE04EC0-301F-11D3-BF4B-00C04F79EFBC}") = "BasicTypes", "02-Types\BasicTypes.csproj", "{E676431E-DC55-4ED7-87B2-01122AEB243C}"
EndProject
Project("{FAE04EC0-301F-11D3-BF4B-00C04F79EFBC}") = "Operators", "03-Operators\Operators.csproj", "{860F417A-BE49-4951-B01E-27B20B9F4C7C}"
EndProject
Project("{FAE04EC0-301F-11D3-BF4B-00C04F79EFBC}") = "Strings", "04-Strings\Strings.csproj", "{5FF610FC-B508-4363-9519-D093F491493C}"
EndProject
Project("{FAE04EC0-301F-11D3-BF4B-00C04F79EFBC}") = "Booleans", "05-Booleans\Booleans.csproj", "{AC2D6465-488D-4657-9D27-9ED80F5A09EC}"
EndProject
Global
	GlobalSection(SolutionConfigurationPlatforms) = preSolution
		Debug|Any CPU = Debug|Any CPU
		Release|Any CPU = Release|Any CPU
	EndGlobalSection
	GlobalSection(SolutionProperties) = preSolution
		HideSolutionNode = FALSE
	EndGlobalSection
	GlobalSection(ProjectConfigurationPlatforms) = postSolution
		{C89E416E-4488-4002-9092-71213C13EA15}.Debug|Any CPU.ActiveCfg = Debug|Any CPU
		{C89E416E-4488-4002-9092-71213C13EA15}.Debug|Any CPU.Build.0 = Debug|Any CPU
		{C89E416E-4488-4002-9092-71213C13EA15}.Release|Any CPU.ActiveCfg = Release|Any CPU
		{C89E416E-4488-4002-9092-71213C13EA15}.Release|Any CPU.Build.0 = Release|Any CPU
		{D9B20D2C-967E-4C33-84C2-470ED1DCC058}.Debug|Any CPU.ActiveCfg = Debug|Any CPU
		{D9B20D2C-967E-4C33-84C2-470ED1DCC058}.Debug|Any CPU.Build.0 = Debug|Any CPU
		{D9B20D2C-967E-4C33-84C2-470ED1DCC058}.Release|Any CPU.ActiveCfg = Release|Any CPU
		{D9B20D2C-967E-4C33-84C2-470ED1DCC058}.Release|Any CPU.Build.0 = Release|Any CPU
		{E676431E-DC55-4ED7-87B2-01122AEB243C}.Debug|Any CPU.ActiveCfg = Debug|Any CPU
		{E676431E-DC55-4ED7-87B2-01122AEB243C}.Debug|Any CPU.Build.0 = Debug|Any CPU
		{E676431E-DC55-4ED7-87B2-01122AEB243C}.Release|Any CPU.ActiveCfg = Release|Any CPU
		{E676431E-DC55-4ED7-87B2-01122AEB243C}.Release|Any CPU.Build.0 = Release|Any CPU
		{860F417A-BE49-4951-B01E-27B20B9F4C7C}.Debug|Any CPU.ActiveCfg = Debug|Any CPU
		{860F417A-BE49-4951-B01E-27B20B9F4C7C}.Debug|Any CPU.Build.0 = Debug|Any CPU
		{860F417A-BE49-4951-B01E-27B20B9F4C7C}.Release|Any CPU.ActiveCfg = Release|Any CPU
		{860F417A-BE49-4951-B01E-27B20B9F4C7C}.Release|Any CPU.Build.0 = Release|Any CPU
		{5FF610FC-B508-4363-9519-D093F491493C}.Debug|Any CPU.ActiveCfg = Debug|Any CPU
		{5FF610FC-B508-4363-9519-D093F491493C}.Debug|Any CPU.Build.0 = Debug|Any CPU
		{5FF610FC-B508-4363-9519-D093F491493C}.Release|Any CPU.ActiveCfg = Release|Any CPU
		{5FF610FC-B508-4363-9519-D093F491493C}.Release|Any CPU.Build.0 = Release|Any CPU
		{AC2D6465-488D-4657-9D27-9ED80F5A09EC}.Debug|Any CPU.ActiveCfg = Debug|Any CPU
		{AC2D6465-488D-4657-9D27-9ED80F5A09EC}.Debug|Any CPU.Build.0 = Debug|Any CPU
		{AC2D6465-488D-4657-9D27-9ED80F5A09EC}.Release|Any CPU.ActiveCfg = Release|Any CPU
		{AC2D6465-488D-4657-9D27-9ED80F5A09EC}.Release|Any CPU.Build.0 = Release|Any CPU
	EndGlobalSection
EndGlobal
